
Microsoft Visual Studio Solution File, Format Version 12.00
# Visual Studio Version 17
VisualStudioVersion = 17.7.34221.43
MinimumVisualStudioVersion = 10.0.40219.1
Project("{9A19103F-16F7-4668-BE54-9A1E7A4F7556}") = "EFH2", "EFH2\EFH2.csproj", "{A4BA0F71-ED8E-419D-B2FC-B353CFAFBB7C}"
EndProject
Project("{54435603-DBB4-11D2-8724-00A0C9A8B90C}") = "EFH-2_Setup_Wizard", "EFH-2_Setup_Wizard\EFH-2_Setup_Wizard.vdproj", "{0304FFD4-9B36-4252-80EA-8A68FD8D4803}"
EndProject
Project("{930C7802-8A8C-48F9-8165-68863BCCD9DD}") = "WaxInstaller", "WaxInstaller\WaxInstaller.wixproj", "{ADCB5069-6CAF-46D1-834E-0514C2EDD3F6}"
EndProject
Project("{B7DD6F7E-DEF8-4E67-B5B7-07EF123DB6F0}") = "EFH2HeatwaveInstaller", "EFH2HeatwaveInstaller\EFH2HeatwaveInstaller.wixproj", "{C766D676-6FD2-4E8B-BA37-774141C988D6}"
EndProject
Global
	GlobalSection(SolutionConfigurationPlatforms) = preSolution
		Debug|ARM64 = Debug|ARM64
		Debug|x64 = Debug|x64
		Debug|x86 = Debug|x86
		k|ARM64 = k|ARM64
		k|x64 = k|x64
		k|x86 = k|x86
		Release|ARM64 = Release|ARM64
		Release|x64 = Release|x64
		Release|x86 = Release|x86
	EndGlobalSection
	GlobalSection(ProjectConfigurationPlatforms) = postSolution
		{A4BA0F71-ED8E-419D-B2FC-B353CFAFBB7C}.Debug|ARM64.ActiveCfg = Debug|ARM64
		{A4BA0F71-ED8E-419D-B2FC-B353CFAFBB7C}.Debug|x64.ActiveCfg = Debug|x64
		{A4BA0F71-ED8E-419D-B2FC-B353CFAFBB7C}.Debug|x64.Build.0 = Debug|x64
		{A4BA0F71-ED8E-419D-B2FC-B353CFAFBB7C}.Debug|x64.Deploy.0 = Debug|x64
		{A4BA0F71-ED8E-419D-B2FC-B353CFAFBB7C}.Debug|x86.ActiveCfg = Debug|x86
		{A4BA0F71-ED8E-419D-B2FC-B353CFAFBB7C}.Debug|x86.Build.0 = Debug|x86
		{A4BA0F71-ED8E-419D-B2FC-B353CFAFBB7C}.Debug|x86.Deploy.0 = Debug|x86
		{A4BA0F71-ED8E-419D-B2FC-B353CFAFBB7C}.k|ARM64.ActiveCfg = Release|ARM64
		{A4BA0F71-ED8E-419D-B2FC-B353CFAFBB7C}.k|x64.ActiveCfg = Release|x64
		{A4BA0F71-ED8E-419D-B2FC-B353CFAFBB7C}.k|x86.ActiveCfg = Release|x86
		{A4BA0F71-ED8E-419D-B2FC-B353CFAFBB7C}.k|x86.Build.0 = Release|x86
		{A4BA0F71-ED8E-419D-B2FC-B353CFAFBB7C}.Release|ARM64.ActiveCfg = Release|ARM64
		{A4BA0F71-ED8E-419D-B2FC-B353CFAFBB7C}.Release|ARM64.Build.0 = Release|ARM64
		{A4BA0F71-ED8E-419D-B2FC-B353CFAFBB7C}.Release|ARM64.Deploy.0 = Release|ARM64
		{A4BA0F71-ED8E-419D-B2FC-B353CFAFBB7C}.Release|x64.ActiveCfg = Release|x64
		{A4BA0F71-ED8E-419D-B2FC-B353CFAFBB7C}.Release|x64.Build.0 = Release|x64
		{A4BA0F71-ED8E-419D-B2FC-B353CFAFBB7C}.Release|x64.Deploy.0 = Release|x64
		{A4BA0F71-ED8E-419D-B2FC-B353CFAFBB7C}.Release|x86.ActiveCfg = Release|x86
		{A4BA0F71-ED8E-419D-B2FC-B353CFAFBB7C}.Release|x86.Build.0 = Release|x86
		{A4BA0F71-ED8E-419D-B2FC-B353CFAFBB7C}.Release|x86.Deploy.0 = Release|x86
		{0304FFD4-9B36-4252-80EA-8A68FD8D4803}.Debug|ARM64.ActiveCfg = Debug
		{0304FFD4-9B36-4252-80EA-8A68FD8D4803}.Debug|x64.ActiveCfg = Debug
		{0304FFD4-9B36-4252-80EA-8A68FD8D4803}.Debug|x86.ActiveCfg = Debug
		{0304FFD4-9B36-4252-80EA-8A68FD8D4803}.Debug|x86.Build.0 = Debug
		{0304FFD4-9B36-4252-80EA-8A68FD8D4803}.k|ARM64.ActiveCfg = Debug
		{0304FFD4-9B36-4252-80EA-8A68FD8D4803}.k|ARM64.Build.0 = Debug
		{0304FFD4-9B36-4252-80EA-8A68FD8D4803}.k|x64.ActiveCfg = Debug
		{0304FFD4-9B36-4252-80EA-8A68FD8D4803}.k|x64.Build.0 = Debug
		{0304FFD4-9B36-4252-80EA-8A68FD8D4803}.k|x86.ActiveCfg = Release
		{0304FFD4-9B36-4252-80EA-8A68FD8D4803}.k|x86.Build.0 = Release
		{0304FFD4-9B36-4252-80EA-8A68FD8D4803}.Release|ARM64.ActiveCfg = Release
		{0304FFD4-9B36-4252-80EA-8A68FD8D4803}.Release|x64.ActiveCfg = Release
		{0304FFD4-9B36-4252-80EA-8A68FD8D4803}.Release|x64.Build.0 = Release
		{0304FFD4-9B36-4252-80EA-8A68FD8D4803}.Release|x86.ActiveCfg = Release
		{ADCB5069-6CAF-46D1-834E-0514C2EDD3F6}.Debug|ARM64.ActiveCfg = Debug|x86
		{ADCB5069-6CAF-46D1-834E-0514C2EDD3F6}.Debug|ARM64.Build.0 = Debug|x86
		{ADCB5069-6CAF-46D1-834E-0514C2EDD3F6}.Debug|x64.ActiveCfg = Debug|x86
		{ADCB5069-6CAF-46D1-834E-0514C2EDD3F6}.Debug|x64.Build.0 = Debug|x86
		{ADCB5069-6CAF-46D1-834E-0514C2EDD3F6}.Debug|x86.ActiveCfg = Debug|x86
		{ADCB5069-6CAF-46D1-834E-0514C2EDD3F6}.Debug|x86.Build.0 = Debug|x86
		{ADCB5069-6CAF-46D1-834E-0514C2EDD3F6}.k|ARM64.ActiveCfg = Debug|x86
		{ADCB5069-6CAF-46D1-834E-0514C2EDD3F6}.k|ARM64.Build.0 = Debug|x86
		{ADCB5069-6CAF-46D1-834E-0514C2EDD3F6}.k|x64.ActiveCfg = Debug|x86
		{ADCB5069-6CAF-46D1-834E-0514C2EDD3F6}.k|x64.Build.0 = Debug|x86
		{ADCB5069-6CAF-46D1-834E-0514C2EDD3F6}.k|x86.ActiveCfg = Debug|x86
		{ADCB5069-6CAF-46D1-834E-0514C2EDD3F6}.k|x86.Build.0 = Debug|x86
		{ADCB5069-6CAF-46D1-834E-0514C2EDD3F6}.Release|ARM64.ActiveCfg = Release|x86
		{ADCB5069-6CAF-46D1-834E-0514C2EDD3F6}.Release|ARM64.Build.0 = Release|x86
		{ADCB5069-6CAF-46D1-834E-0514C2EDD3F6}.Release|x64.ActiveCfg = Release|x86
		{ADCB5069-6CAF-46D1-834E-0514C2EDD3F6}.Release|x64.Build.0 = Release|x86
		{ADCB5069-6CAF-46D1-834E-0514C2EDD3F6}.Release|x86.ActiveCfg = Release|x86
		{ADCB5069-6CAF-46D1-834E-0514C2EDD3F6}.Release|x86.Build.0 = Release|x86
		{C766D676-6FD2-4E8B-BA37-774141C988D6}.Debug|ARM64.ActiveCfg = Debug|ARM64
		{C766D676-6FD2-4E8B-BA37-774141C988D6}.Debug|ARM64.Build.0 = Debug|ARM64
		{C766D676-6FD2-4E8B-BA37-774141C988D6}.Debug|x64.ActiveCfg = Debug|x64
		{C766D676-6FD2-4E8B-BA37-774141C988D6}.Debug|x64.Build.0 = Debug|x64
		{C766D676-6FD2-4E8B-BA37-774141C988D6}.Debug|x86.ActiveCfg = Debug|x86
		{C766D676-6FD2-4E8B-BA37-774141C988D6}.Debug|x86.Build.0 = Debug|x86
		{C766D676-6FD2-4E8B-BA37-774141C988D6}.k|ARM64.ActiveCfg = Debug|ARM64
		{C766D676-6FD2-4E8B-BA37-774141C988D6}.k|ARM64.Build.0 = Debug|ARM64
		{C766D676-6FD2-4E8B-BA37-774141C988D6}.k|x64.ActiveCfg = Debug|x64
		{C766D676-6FD2-4E8B-BA37-774141C988D6}.k|x64.Build.0 = Debug|x64
		{C766D676-6FD2-4E8B-BA37-774141C988D6}.k|x86.ActiveCfg = Debug|x86
		{C766D676-6FD2-4E8B-BA37-774141C988D6}.k|x86.Build.0 = Debug|x86
		{C766D676-6FD2-4E8B-BA37-774141C988D6}.Release|ARM64.ActiveCfg = Release|ARM64
		{C766D676-6FD2-4E8B-BA37-774141C988D6}.Release|ARM64.Build.0 = Release|ARM64
		{C766D676-6FD2-4E8B-BA37-774141C988D6}.Release|x64.ActiveCfg = Release|x64
		{C766D676-6FD2-4E8B-BA37-774141C988D6}.Release|x64.Build.0 = Release|x64
		{C766D676-6FD2-4E8B-BA37-774141C988D6}.Release|x86.ActiveCfg = Release|x86
		{C766D676-6FD2-4E8B-BA37-774141C988D6}.Release|x86.Build.0 = Release|x86
	EndGlobalSection
	GlobalSection(SolutionProperties) = preSolution
		HideSolutionNode = FALSE
	EndGlobalSection
	GlobalSection(ExtensibilityGlobals) = postSolution
		SolutionGuid = {AD9D0EAC-36E1-4B77-A98C-F7926F49D1FA}
	EndGlobalSection
EndGlobal
